dependencies:
  espressif/esp-zboss-lib:
    component_hash: 8c214bc75cae20c6583f98971d249e2f05a56c82539b0399b5dbb59cb3c38326
    source:
      service_url: https://api.components.espressif.com/
      type: service
    version: 0.5.4
  espressif/esp-zigbee-lib:
    component_hash: 4a84a2f19ad6077278d6b20d809158b9939afcc540702e57d53084fe26adc69e
    source:
      service_url: https://api.components.espressif.com/
      type: service
    version: 0.7.4
  espressif/led_strip:
    component_hash: 7e92a0c8a2e35b40904f88e88ce3c0dffff504a2763f70fba7ef4787cf2eec83
    source:
      service_url: https://api.components.espressif.com/
      type: service
    version: 2.0.0
  idf:
    component_hash: null
    source:
      type: idf
    version: 5.2.0
manifest_hash: e83de916e87dab651b2bb88f7ed898b3b0597bbf3f6f1cdfcf62d5bee4ed4f4e
target: esp32c6
version: 1.0.0
